
Microsoft Visual Studio Solution File, Format Version 12.00
# Visual Studio Version 17
VisualStudioVersion = 17.3.32929.385
MinimumVisualStudioVersion = 10.0.40219.1
Project("{FAE04EC0-301F-11D3-BF4B-00C04F79EFBC}") = "RemoteControlLamp", "RemoteControlLamp\RemoteControlLamp.csproj", "{D1847F60-A615-402A-9332-2F55AEA6781C}"
EndProject
Global
	GlobalSection(SolutionConfigurationPlatforms) = preSolution
		Debug|Any CPU = Debug|Any CPU
		Release|Any CPU = Release|Any CPU
	EndGlobalSection
	GlobalSection(ProjectConfigurationPlatforms) = postSolution
		{D1847F60-A615-402A-9332-2F55AEA6781C}.Debug|Any CPU.ActiveCfg = Debug|Any CPU
		{D1847F60-A615-402A-9332-2F55AEA6781C}.Debug|Any CPU.Build.0 = Debug|Any CPU
		{D1847F60-A615-402A-9332-2F55AEA6781C}.Release|Any CPU.ActiveCfg = Release|Any CPU
		{D1847F60-A615-402A-9332-2F55AEA6781C}.Release|Any CPU.Build.0 = Release|Any CPU
	EndGlobalSection
	GlobalSection(SolutionProperties) = preSolution
		HideSolutionNode = FALSE
	EndGlobalSection
	GlobalSection(ExtensibilityGlobals) = postSolution
		SolutionGuid = {29610E39-44FB-46E1-A104-A9DE758111C3}
	EndGlobalSection
EndGlobal
